// !$*UTF8*$!
{
	archiveVersion = 1;
	classes = {
	};
	objectVersion = 56;
	objects = {

/* Begin PBXBuildFile section */
		3C271A722ABD7E6E0085D596 /* AppDelegate.swift in Sources */ = {isa = PBXBuildFile; fileRef = 3C271A712ABD7E6E0085D596 /* AppDelegate.swift */; };
		3C271A742ABD7E6E0085D596 /* SceneDelegate.swift in Sources */ = {isa = PBXBuildFile; fileRef = 3C271A732ABD7E6E0085D596 /* SceneDelegate.swift */; };
		3C271A762ABD7E6E0085D596 /* ViewController.swift in Sources */ = {isa = PBXBuildFile; fileRef = 3C271A752ABD7E6E0085D596 /* ViewController.swift */; };
		3C271A792ABD7E6E0085D596 /* Main.storyboard in Resources */ = {isa = PBXBuildFile; fileRef = 3C271A772ABD7E6E0085D596 /* Main.storyboard */; };
		3C271A7B2ABD7E700085D596 /* Assets.xcassets in Resources */ = {isa = PBXBuildFile; fileRef = 3C271A7A2ABD7E700085D596 /* Assets.xcassets */; };
		3C271A7E2ABD7E700085D596 /* LaunchScreen.storyboard in Resources */ = {isa = PBXBuildFile; fileRef = 3C271A7C2ABD7E700085D596 /* LaunchScreen.storyboard */; };
		3C271A892ABD7E700085D596 /* PaginationTestTests.swift in Sources */ = {isa = PBXBuildFile; fileRef = 3C271A882ABD7E700085D596 /* PaginationTestTests.swift */; };
		3C271A932ABD7E700085D596 /* PaginationTestUITests.swift in Sources */ = {isa = PBXBuildFile; fileRef = 3C271A922ABD7E700085D596 /* PaginationTestUITests.swift */; };
		3C271A952ABD7E700085D596 /* PaginationTestUITestsLaunchTests.swift in Sources */ = {isa = PBXBuildFile; fileRef = 3C271A942ABD7E700085D596 /* PaginationTestUITestsLaunchTests.swift */; };
		3C271AA32ABD94030085D596 /* DequeModule in Frameworks */ = {isa = PBXBuildFile; productRef = 3C271AA22ABD94030085D596 /* DequeModule */; };
		3CDA65B12ABEC12400CADB0D /* Presenter.swift in Sources */ = {isa = PBXBuildFile; fileRef = 3CDA65B02ABEC12400CADB0D /* Presenter.swift */; };
		3CDA65B32ABEC13200CADB0D /* MessageCell.swift in Sources */ = {isa = PBXBuildFile; fileRef = 3CDA65B22ABEC13200CADB0D /* MessageCell.swift */; };
/* End PBXBuildFile section */

/* Begin PBXContainerItemProxy section */
		3C271A852ABD7E700085D596 /* PBXContainerItemProxy */ = {
			isa = PBXContainerItemProxy;
			containerPortal = 3C271A662ABD7E6E0085D596 /* Project object */;
			proxyType = 1;
			remoteGlobalIDString = 3C271A6D2ABD7E6E0085D596;
			remoteInfo = PaginationTest;
		};
		3C271A8F2ABD7E700085D596 /* PBXContainerItemProxy */ = {
			isa = PBXContainerItemProxy;
			containerPortal = 3C271A662ABD7E6E0085D596 /* Project object */;
			proxyType = 1;
			remoteGlobalIDString = 3C271A6D2ABD7E6E0085D596;
			remoteInfo = PaginationTest;
		};
/* End PBXContainerItemProxy section */

/* Begin PBXFileReference section */
		3C271A6E2ABD7E6E0085D596 /* PaginationTest.app */ = {isa = PBXFileReference; explicitFileType = wrapper.application; includeInIndex = 0; path = PaginationTest.app; sourceTree = BUILT_PRODUCTS_DIR; };
		3C271A712ABD7E6E0085D596 /* AppDelegate.swift */ = {isa = PBXFileReference; lastKnownFileType = sourcecode.swift; path = AppDelegate.swift; sourceTree = "<group>"; };
		3C271A732ABD7E6E0085D596 /* SceneDelegate.swift */ = {isa = PBXFileReference; lastKnownFileType = sourcecode.swift; path = SceneDelegate.swift; sourceTree = "<group>"; };
		3C271A752ABD7E6E0085D596 /* ViewController.swift */ = {isa = PBXFileReference; lastKnownFileType = sourcecode.swift; path = ViewController.swift; sourceTree = "<group>"; };
		3C271A782ABD7E6E0085D596 /* Base */ = {isa = PBXFileReference; lastKnownFileType = file.storyboard; name = Base; path = Base.lproj/Main.storyboard; sourceTree = "<group>"; };
		3C271A7A2ABD7E700085D596 /* Assets.xcassets */ = {isa = PBXFileReference; lastKnownFileType = folder.assetcatalog; path = Assets.xcassets; sourceTree = "<group>"; };
		3C271A7D2ABD7E700085D596 /* Base */ = {isa = PBXFileReference; lastKnownFileType = file.storyboard; name = Base; path = Base.lproj/LaunchScreen.storyboard; sourceTree = "<group>"; };
		3C271A7F2ABD7E700085D596 /* Info.plist */ = {isa = PBXFileReference; lastKnownFileType = text.plist.xml; path = Info.plist; sourceTree = "<group>"; };
		3C271A842ABD7E700085D596 /* PaginationTestTests.xctest */ = {isa = PBXFileReference; explicitFileType = wrapper.cfbundle; includeInIndex = 0; path = PaginationTestTests.xctest; sourceTree = BUILT_PRODUCTS_DIR; };
		3C271A882ABD7E700085D596 /* PaginationTestTests.swift */ = {isa = PBXFileReference; lastKnownFileType = sourcecode.swift; path = PaginationTestTests.swift; sourceTree = "<group>"; };
		3C271A8E2ABD7E700085D596 /* PaginationTestUITests.xctest */ = {isa = PBXFileReference; explicitFileType = wrapper.cfbundle; includeInIndex = 0; path = PaginationTestUITests.xctest; sourceTree = BUILT_PRODUCTS_DIR; };
		3C271A922ABD7E700085D596 /* PaginationTestUITests.swift */ = {isa = PBXFileReference; lastKnownFileType = sourcecode.swift; path = PaginationTestUITests.swift; sourceTree = "<group>"; };
		3C271A942ABD7E700085D596 /* PaginationTestUITestsLaunchTests.swift */ = {isa = PBXFileReference; lastKnownFileType = sourcecode.swift; path = PaginationTestUITestsLaunchTests.swift; sourceTree = "<group>"; };
		3CDA65B02ABEC12400CADB0D /* Presenter.swift */ = {isa = PBXFileReference; lastKnownFileType = sourcecode.swift; path = Presenter.swift; sourceTree = "<group>"; };
		3CDA65B22ABEC13200CADB0D /* MessageCell.swift */ = {isa = PBXFileReference; lastKnownFileType = sourcecode.swift; path = MessageCell.swift; sourceTree = "<group>"; };
/* End PBXFileReference section */

/* Begin PBXFrameworksBuildPhase section */
		3C271A6B2ABD7E6E0085D596 /* Frameworks */ = {
			isa = PBXFrameworksBuildPhase;
			buildActionMask = 2147483647;
			files = (
				3C271AA32ABD94030085D596 /* DequeModule in Frameworks */,
			);
			runOnlyForDeploymentPostprocessing = 0;
		};
		3C271A812ABD7E700085D596 /* Frameworks */ = {
			isa = PBXFrameworksBuildPhase;
			buildActionMask = 2147483647;
			files = (
			);
			runOnlyForDeploymentPostprocessing = 0;
		};
		3C271A8B2ABD7E700085D596 /* Frameworks */ = {
			isa = PBXFrameworksBuildPhase;
			buildActionMask = 2147483647;
			files = (
			);
			runOnlyForDeploymentPostprocessing = 0;
		};
/* End PBXFrameworksBuildPhase section */

/* Begin PBXGroup section */
		3C271A652ABD7E6E0085D596 = {
			isa = PBXGroup;
			children = (
				3C271A702ABD7E6E0085D596 /* PaginationTest */,
				3C271A872ABD7E700085D596 /* PaginationTestTests */,
				3C271A912ABD7E700085D596 /* PaginationTestUITests */,
				3C271A6F2ABD7E6E0085D596 /* Products */,
			);
			sourceTree = "<group>";
		};
		3C271A6F2ABD7E6E0085D596 /* Products */ = {
			isa = PBXGroup;
			children = (
				3C271A6E2ABD7E6E0085D596 /* PaginationTest.app */,
				3C271A842ABD7E700085D596 /* PaginationTestTests.xctest */,
				3C271A8E2ABD7E700085D596 /* PaginationTestUITests.xctest */,
			);
			name = Products;
			sourceTree = "<group>";
		};
		3C271A702ABD7E6E0085D596 /* PaginationTest */ = {
			isa = PBXGroup;
			children = (
				3CDA65AF2ABEC10B00CADB0D /* UI */,
				3CDA65AE2ABEC0FE00CADB0D /* Application */,
				3CDA65AD2ABEC0E800CADB0D /* Resources */,
			);
			path = PaginationTest;
			sourceTree = "<group>";
		};
		3C271A872ABD7E700085D596 /* PaginationTestTests */ = {
			isa = PBXGroup;
			children = (
				3C271A882ABD7E700085D596 /* PaginationTestTests.swift */,
			);
			path = PaginationTestTests;
			sourceTree = "<group>";
		};
		3C271A912ABD7E700085D596 /* PaginationTestUITests */ = {
			isa = PBXGroup;
			children = (
				3C271A922ABD7E700085D596 /* PaginationTestUITests.swift */,
				3C271A942ABD7E700085D596 /* PaginationTestUITestsLaunchTests.swift */,
			);
			path = PaginationTestUITests;
			sourceTree = "<group>";
		};
		3CDA65AD2ABEC0E800CADB0D /* Resources */ = {
			isa = PBXGroup;
			children = (
				3C271A7A2ABD7E700085D596 /* Assets.xcassets */,
				3C271A7F2ABD7E700085D596 /* Info.plist */,
			);
			path = Resources;
			sourceTree = "<group>";
		};
		3CDA65AE2ABEC0FE00CADB0D /* Application */ = {
			isa = PBXGroup;
			children = (
				3C271A712ABD7E6E0085D596 /* AppDelegate.swift */,
				3C271A732ABD7E6E0085D596 /* SceneDelegate.swift */,
			);
			path = Application;
			sourceTree = "<group>";
		};
		3CDA65AF2ABEC10B00CADB0D /* UI */ = {
			isa = PBXGroup;
			children = (
				3CDA65B42ABEC13600CADB0D /* Subviews */,
				3CDA65B02ABEC12400CADB0D /* Presenter.swift */,
				3C271A752ABD7E6E0085D596 /* ViewController.swift */,
				3C271A7C2ABD7E700085D596 /* LaunchScreen.storyboard */,
				3C271A772ABD7E6E0085D596 /* Main.storyboard */,
			);
			path = UI;
			sourceTree = "<group>";
		};
		3CDA65B42ABEC13600CADB0D /* Subviews */ = {
			isa = PBXGroup;
			children = (
				3CDA65B22ABEC13200CADB0D /* MessageCell.swift */,
			);
			path = Subviews;
			sourceTree = "<group>";
		};
/* End PBXGroup section */

/* Begin PBXNativeTarget section */
		3C271A6D2ABD7E6E0085D596 /* PaginationTest */ = {
			isa = PBXNativeTarget;
			buildConfigurationList = 3C271A982ABD7E700085D596 /* Build configuration list for PBXNativeTarget "PaginationTest" */;
			buildPhases = (
				3C271A6A2ABD7E6E0085D596 /* Sources */,
				3C271A6B2ABD7E6E0085D596 /* Frameworks */,
				3C271A6C2ABD7E6E0085D596 /* Resources */,
			);
			buildRules = (
			);
			dependencies = (
			);
			name = PaginationTest;
			packageProductDependencies = (
				3C271AA22ABD94030085D596 /* DequeModule */,
			);
			productName = PaginationTest;
			productReference = 3C271A6E2ABD7E6E0085D596 /* PaginationTest.app */;
			productType = "com.apple.product-type.application";
		};
		3C271A832ABD7E700085D596 /* PaginationTestTests */ = {
			isa = PBXNativeTarget;
			buildConfigurationList = 3C271A9B2ABD7E700085D596 /* Build configuration list for PBXNativeTarget "PaginationTestTests" */;
			buildPhases = (
				3C271A802ABD7E700085D596 /* Sources */,
				3C271A812ABD7E700085D596 /* Frameworks */,
				3C271A822ABD7E700085D596 /* Resources */,
			);
			buildRules = (
			);
			dependencies = (
				3C271A862ABD7E700085D596 /* PBXTargetDependency */,
			);
			name = PaginationTestTests;
			productName = PaginationTestTests;
			productReference = 3C271A842ABD7E700085D596 /* PaginationTestTests.xctest */;
			productType = "com.apple.product-type.bundle.unit-test";
		};
		3C271A8D2ABD7E700085D596 /* PaginationTestUITests */ = {
			isa = PBXNativeTarget;
			buildConfigurationList = 3C271A9E2ABD7E700085D596 /* Build configuration list for PBXNativeTarget "PaginationTestUITests" */;
			buildPhases = (
				3C271A8A2ABD7E700085D596 /* Sources */,
				3C271A8B2ABD7E700085D596 /* Frameworks */,
				3C271A8C2ABD7E700085D596 /* Resources */,
			);
			buildRules = (
			);
			dependencies = (
				3C271A902ABD7E700085D596 /* PBXTargetDependency */,
			);
			name = PaginationTestUITests;
			productName = PaginationTestUITests;
			productReference = 3C271A8E2ABD7E700085D596 /* PaginationTestUITests.xctest */;
			productType = "com.apple.product-type.bundle.ui-testing";
		};
/* End PBXNativeTarget section */

/* Begin PBXProject section */
		3C271A662ABD7E6E0085D596 /* Project object */ = {
			isa = PBXProject;
			attributes = {
				BuildIndependentTargetsInParallel = 1;
				LastSwiftUpdateCheck = 1430;
				LastUpgradeCheck = 1430;
				TargetAttributes = {
					3C271A6D2ABD7E6E0085D596 = {
						CreatedOnToolsVersion = 14.3.1;
					};
					3C271A832ABD7E700085D596 = {
						CreatedOnToolsVersion = 14.3.1;
						TestTargetID = 3C271A6D2ABD7E6E0085D596;
					};
					3C271A8D2ABD7E700085D596 = {
						CreatedOnToolsVersion = 14.3.1;
						TestTargetID = 3C271A6D2ABD7E6E0085D596;
					};
				};
			};
			buildConfigurationList = 3C271A692ABD7E6E0085D596 /* Build configuration list for PBXProject "PaginationTest" */;
			compatibilityVersion = "Xcode 14.0";
			developmentRegion = en;
			hasScannedForEncodings = 0;
			knownRegions = (
				en,
				Base,
			);
			mainGroup = 3C271A652ABD7E6E0085D596;
			packageReferences = (
				3C271AA12ABD94030085D596 /* XCRemoteSwiftPackageReference "swift-collections" */,
			);
			productRefGroup = 3C271A6F2ABD7E6E0085D596 /* Products */;
			projectDirPath = "";
			projectRoot = "";
			targets = (
				3C271A6D2ABD7E6E0085D596 /* PaginationTest */,
				3C271A832ABD7E700085D596 /* PaginationTestTests */,
				3C271A8D2ABD7E700085D596 /* PaginationTestUITests */,
			);
		};
/* End PBXProject section */

/* Begin PBXResourcesBuildPhase section */
		3C271A6C2ABD7E6E0085D596 /* Resources */ = {
			isa = PBXResourcesBuildPhase;
			buildActionMask = 2147483647;
			files = (
				3C271A7E2ABD7E700085D596 /* LaunchScreen.storyboard in Resources */,
				3C271A7B2ABD7E700085D596 /* Assets.xcassets in Resources */,
				3C271A792ABD7E6E0085D596 /* Main.storyboard in Resources */,
			);
			runOnlyForDeploymentPostprocessing = 0;
		};
		3C271A822ABD7E700085D596 /* Resources */ = {
			isa = PBXResourcesBuildPhase;
			buildActionMask = 2147483647;
			files = (
			);
			runOnlyForDeploymentPostprocessing = 0;
		};
		3C271A8C2ABD7E700085D596 /* Resources */ = {
			isa = PBXResourcesBuildPhase;
			buildActionMask = 2147483647;
			files = (
			);
			runOnlyForDeploymentPostprocessing = 0;
		};
/* End PBXResourcesBuildPhase section */

/* Begin PBXSourcesBuildPhase section */
		3C271A6A2ABD7E6E0085D596 /* Sources */ = {
			isa = PBXSourcesBuildPhase;
			buildActionMask = 2147483647;
			files = (
				3C271A762ABD7E6E0085D596 /* ViewController.swift in Sources */,
				3CDA65B32ABEC13200CADB0D /* MessageCell.swift in Sources */,
				3C271A722ABD7E6E0085D596 /* AppDelegate.swift in Sources */,
				3CDA65B12ABEC12400CADB0D /* Presenter.swift in Sources */,
				3C271A742ABD7E6E0085D596 /* SceneDelegate.swift in Sources */,
			);
			runOnlyForDeploymentPostprocessing = 0;
		};
		3C271A802ABD7E700085D596 /* Sources */ = {
			isa = PBXSourcesBuildPhase;
			buildActionMask = 2147483647;
			files = (
				3C271A892ABD7E700085D596 /* PaginationTestTests.swift in Sources */,
			);
			runOnlyForDeploymentPostprocessing = 0;
		};
		3C271A8A2ABD7E700085D596 /* Sources */ = {
			isa = PBXSourcesBuildPhase;
			buildActionMask = 2147483647;
			files = (
				3C271A952ABD7E700085D596 /* PaginationTestUITestsLaunchTests.swift in Sources */,
				3C271A932ABD7E700085D596 /* PaginationTestUITests.swift in Sources */,
			);
			runOnlyForDeploymentPostprocessing = 0;
		};
/* End PBXSourcesBuildPhase section */

/* Begin PBXTargetDependency section */
		3C271A862ABD7E700085D596 /* PBXTargetDependency */ = {
			isa = PBXTargetDependency;
			target = 3C271A6D2ABD7E6E0085D596 /* PaginationTest */;
			targetProxy = 3C271A852ABD7E700085D596 /* PBXContainerItemProxy */;
		};
		3C271A902ABD7E700085D596 /* PBXTargetDependency */ = {
			isa = PBXTargetDependency;
			target = 3C271A6D2ABD7E6E0085D596 /* PaginationTest */;
			targetProxy = 3C271A8F2ABD7E700085D596 /* PBXContainerItemProxy */;
		};
/* End PBXTargetDependency section */

/* Begin PBXVariantGroup section */
		3C271A772ABD7E6E0085D596 /* Main.storyboard */ = {
			isa = PBXVariantGroup;
			children = (
				3C271A782ABD7E6E0085D596 /* Base */,
			);
			name = Main.storyboard;
			sourceTree = "<group>";
		};
		3C271A7C2ABD7E700085D596 /* LaunchScreen.storyboard */ = {
			isa = PBXVariantGroup;
			children = (
				3C271A7D2ABD7E700085D596 /* Base */,
			);
			name = LaunchScreen.storyboard;
			sourceTree = "<group>";
		};
/* End PBXVariantGroup section */

/* Begin XCBuildConfiguration section */
		3C271A962ABD7E700085D596 /* Debug */ = {
			isa = XCBuildConfiguration;
			buildSettings = {
				ALWAYS_SEARCH_USER_PATHS = NO;
				CLANG_ANALYZER_NONNULL = YES;
				CLANG_ANALYZER_NUMBER_OBJECT_CONVERSION = YES_AGGRESSIVE;
				CLANG_CXX_LANGUAGE_STANDARD = "gnu++20";
				CLANG_ENABLE_MODULES = YES;
				CLANG_ENABLE_OBJC_ARC = YES;
				CLANG_ENABLE_OBJC_WEAK = YES;
				CLANG_WARN_BLOCK_CAPTURE_AUTORELEASING = YES;
				CLANG_WARN_BOOL_CONVERSION = YES;
				CLANG_WARN_COMMA = YES;
				CLANG_WARN_CONSTANT_CONVERSION = YES;
				CLANG_WARN_DEPRECATED_OBJC_IMPLEMENTATIONS = YES;
				CLANG_WARN_DIRECT_OBJC_ISA_USAGE = YES_ERROR;
				CLANG_WARN_DOCUMENTATION_COMMENTS = YES;
				CLANG_WARN_EMPTY_BODY = YES;
				CLANG_WARN_ENUM_CONVERSION = YES;
				CLANG_WARN_INFINITE_RECURSION = YES;
				CLANG_WARN_INT_CONVERSION = YES;
				CLANG_WARN_NON_LITERAL_NULL_CONVERSION = YES;
				CLANG_WARN_OBJC_IMPLICIT_RETAIN_SELF = YES;
				CLANG_WARN_OBJC_LITERAL_CONVERSION = YES;
				CLANG_WARN_OBJC_ROOT_CLASS = YES_ERROR;
				CLANG_WARN_QUOTED_INCLUDE_IN_FRAMEWORK_HEADER = YES;
				CLANG_WARN_RANGE_LOOP_ANALYSIS = YES;
				CLANG_WARN_STRICT_PROTOTYPES = YES;
				CLANG_WARN_SUSPICIOUS_MOVE = YES;
				CLANG_WARN_UNGUARDED_AVAILABILITY = YES_AGGRESSIVE;
				CLANG_WARN_UNREACHABLE_CODE = YES;
				CLANG_WARN__DUPLICATE_METHOD_MATCH = YES;
				COPY_PHASE_STRIP = NO;
				DEBUG_INFORMATION_FORMAT = dwarf;
				ENABLE_STRICT_OBJC_MSGSEND = YES;
				ENABLE_TESTABILITY = YES;
				GCC_C_LANGUAGE_STANDARD = gnu11;
				GCC_DYNAMIC_NO_PIC = NO;
				GCC_NO_COMMON_BLOCKS = YES;
				GCC_OPTIMIZATION_LEVEL = 0;
				GCC_PREPROCESSOR_DEFINITIONS = (
					"DEBUG=1",
					"$(inherited)",
				);
				GCC_WARN_64_TO_32_BIT_CONVERSION = YES;
				GCC_WARN_ABOUT_RETURN_TYPE = YES_ERROR;
				GCC_WARN_UNDECLARED_SELECTOR = YES;
				GCC_WARN_UNINITIALIZED_AUTOS = YES_AGGRESSIVE;
				GCC_WARN_UNUSED_FUNCTION = YES;
				GCC_WARN_UNUSED_VARIABLE = YES;
				IPHONEOS_DEPLOYMENT_TARGET = 16.4;
				MTL_ENABLE_DEBUG_INFO = INCLUDE_SOURCE;
				MTL_FAST_MATH = YES;
				ONLY_ACTIVE_ARCH = YES;
				SDKROOT = iphoneos;
				SWIFT_ACTIVE_COMPILATION_CONDITIONS = DEBUG;
				SWIFT_OPTIMIZATION_LEVEL = "-Onone";
			};
			name = Debug;
		};
		3C271A972ABD7E700085D596 /* Release */ = {
			isa = XCBuildConfiguration;
			buildSettings = {
				ALWAYS_SEARCH_USER_PATHS = NO;
				CLANG_ANALYZER_NONNULL = YES;
				CLANG_ANALYZER_NUMBER_OBJECT_CONVERSION = YES_AGGRESSIVE;
				CLANG_CXX_LANGUAGE_STANDARD = "gnu++20";
				CLANG_ENABLE_MODULES = YES;
				CLANG_ENABLE_OBJC_ARC = YES;
				CLANG_ENABLE_OBJC_WEAK = YES;
				CLANG_WARN_BLOCK_CAPTURE_AUTORELEASING = YES;
				CLANG_WARN_BOOL_CONVERSION = YES;
				CLANG_WARN_COMMA = YES;
				CLANG_WARN_CONSTANT_CONVERSION = YES;
				CLANG_WARN_DEPRECATED_OBJC_IMPLEMENTATIONS = YES;
				CLANG_WARN_DIRECT_OBJC_ISA_USAGE = YES_ERROR;
				CLANG_WARN_DOCUMENTATION_COMMENTS = YES;
				CLANG_WARN_EMPTY_BODY = YES;
				CLANG_WARN_ENUM_CONVERSION = YES;
				CLANG_WARN_INFINITE_RECURSION = YES;
				CLANG_WARN_INT_CONVERSION = YES;
				CLANG_WARN_NON_LITERAL_NULL_CONVERSION = YES;
				CLANG_WARN_OBJC_IMPLICIT_RETAIN_SELF = YES;
				CLANG_WARN_OBJC_LITERAL_CONVERSION = YES;
				CLANG_WARN_OBJC_ROOT_CLASS = YES_ERROR;
				CLANG_WARN_QUOTED_INCLUDE_IN_FRAMEWORK_HEADER = YES;
				CLANG_WARN_RANGE_LOOP_ANALYSIS = YES;
				CLANG_WARN_STRICT_PROTOTYPES = YES;
				CLANG_WARN_SUSPICIOUS_MOVE = YES;
				CLANG_WARN_UNGUARDED_AVAILABILITY = YES_AGGRESSIVE;
				CLANG_WARN_UNREACHABLE_CODE = YES;
				CLANG_WARN__DUPLICATE_METHOD_MATCH = YES;
				COPY_PHASE_STRIP = NO;
				DEBUG_INFORMATION_FORMAT = "dwarf-with-dsym";
				ENABLE_NS_ASSERTIONS = NO;
				ENABLE_STRICT_OBJC_MSGSEND = YES;
				GCC_C_LANGUAGE_STANDARD = gnu11;
				GCC_NO_COMMON_BLOCKS = YES;
				GCC_WARN_64_TO_32_BIT_CONVERSION = YES;
				GCC_WARN_ABOUT_RETURN_TYPE = YES_ERROR;
				GCC_WARN_UNDECLARED_SELECTOR = YES;
				GCC_WARN_UNINITIALIZED_AUTOS = YES_AGGRESSIVE;
				GCC_WARN_UNUSED_FUNCTION = YES;
				GCC_WARN_UNUSED_VARIABLE = YES;
				IPHONEOS_DEPLOYMENT_TARGET = 16.4;
				MTL_ENABLE_DEBUG_INFO = NO;
				MTL_FAST_MATH = YES;
				SDKROOT = iphoneos;
				SWIFT_COMPILATION_MODE = wholemodule;
				SWIFT_OPTIMIZATION_LEVEL = "-O";
				VALIDATE_PRODUCT = YES;
			};
			name = Release;
		};
		3C271A992ABD7E700085D596 /* Debug */ = {
			isa = XCBuildConfiguration;
			buildSettings = {
				ASSETCATALOG_COMPILER_APPICON_NAME = AppIcon;
				ASSETCATALOG_COMPILER_GLOBAL_ACCENT_COLOR_NAME = AccentColor;
				CODE_SIGN_STYLE = Automatic;
				CURRENT_PROJECT_VERSION = 1;
				DEVELOPMENT_TEAM = 7U7AZ47T38;
				GENERATE_INFOPLIST_FILE = YES;
				INFOPLIST_FILE = PaginationTest/Resources/Info.plist;
				INFOPLIST_KEY_UIApplicationSupportsIndirectInputEvents = YES;
				INFOPLIST_KEY_UILaunchStoryboardName = LaunchScreen;
				INFOPLIST_KEY_UIMainStoryboardFile = Main;
				INFOPLIST_KEY_UISupportedInterfaceOrientations_iPad = "UIInterfaceOrientationPortrait UIInterfaceOrientationPortraitUpsideDown UIInterfaceOrientationLandscapeLeft UIInterfaceOrientationLandscapeRight";
				INFOPLIST_KEY_UISupportedInterfaceOrientations_iPhone = "UIInterfaceOrientationPortrait UIInterfaceOrientationLandscapeLeft UIInterfaceOrientationLandscapeRight";
				LD_RUNPATH_SEARCH_PATHS = (
					"$(inherited)",
					"@executable_path/Frameworks",
				);
				MARKETING_VERSION = 1.0;
				PRODUCT_BUNDLE_IDENTIFIER = com.kaesyar.PaginationTest;
				PRODUCT_NAME = "$(TARGET_NAME)";
				SWIFT_EMIT_LOC_STRINGS = YES;
				SWIFT_VERSION = 5.0;
				TARGETED_DEVICE_FAMILY = "1,2";
			};
			name = Debug;
		};
		3C271A9A2ABD7E700085D596 /* Release */ = {
			isa = XCBuildConfiguration;
			buildSettings = {
				ASSETCATALOG_COMPILER_APPICON_NAME = AppIcon;
				ASSETCATALOG_COMPILER_GLOBAL_ACCENT_COLOR_NAME = AccentColor;
				CODE_SIGN_STYLE = Automatic;
				CURRENT_PROJECT_VERSION = 1;
				DEVELOPMENT_TEAM = 7U7AZ47T38;
				GENERATE_INFOPLIST_FILE = YES;
				INFOPLIST_FILE = PaginationTest/Resources/Info.plist;
				INFOPLIST_KEY_UIApplicationSupportsIndirectInputEvents = YES;
				INFOPLIST_KEY_UILaunchStoryboardName = LaunchScreen;
				INFOPLIST_KEY_UIMainStoryboardFile = Main;
				INFOPLIST_KEY_UISupportedInterfaceOrientations_iPad = "UIInterfaceOrientationPortrait UIInterfaceOrientationPortraitUpsideDown UIInterfaceOrientationLandscapeLeft UIInterfaceOrientationLandscapeRight";
				INFOPLIST_KEY_UISupportedInterfaceOrientations_iPhone = "UIInterfaceOrientationPortrait UIInterfaceOrientationLandscapeLeft UIInterfaceOrientationLandscapeRight";
				LD_RUNPATH_SEARCH_PATHS = (
					"$(inherited)",
					"@executable_path/Frameworks",
				);
				MARKETING_VERSION = 1.0;
				PRODUCT_BUNDLE_IDENTIFIER = com.kaesyar.PaginationTest;
				PRODUCT_NAME = "$(TARGET_NAME)";
				SWIFT_EMIT_LOC_STRINGS = YES;
				SWIFT_VERSION = 5.0;
				TARGETED_DEVICE_FAMILY = "1,2";
			};
			name = Release;
		};
		3C271A9C2ABD7E700085D596 /* Debug */ = {
			isa = XCBuildConfiguration;
			buildSettings = {
				ALWAYS_EMBED_SWIFT_STANDARD_LIBRARIES = YES;
				BUNDLE_LOADER = "$(TEST_HOST)";
				CODE_SIGN_STYLE = Automatic;
				CURRENT_PROJECT_VERSION = 1;
				DEVELOPMENT_TEAM = 7U7AZ47T38;
				GENERATE_INFOPLIST_FILE = YES;
				IPHONEOS_DEPLOYMENT_TARGET = 16.4;
				MARKETING_VERSION = 1.0;
				PRODUCT_BUNDLE_IDENTIFIER = com.kaesyar.PaginationTestTests;
				PRODUCT_NAME = "$(TARGET_NAME)";
				SWIFT_EMIT_LOC_STRINGS = NO;
				SWIFT_VERSION = 5.0;
				TARGETED_DEVICE_FAMILY = "1,2";
				TEST_HOST = "$(BUILT_PRODUCTS_DIR)/PaginationTest.app/$(BUNDLE_EXECUTABLE_FOLDER_PATH)/PaginationTest";
			};
			name = Debug;
		};
		3C271A9D2ABD7E700085D596 /* Release */ = {
			isa = XCBuildConfiguration;
			buildSettings = {
				ALWAYS_EMBED_SWIFT_STANDARD_LIBRARIES = YES;
				BUNDLE_LOADER = "$(TEST_HOST)";
				CODE_SIGN_STYLE = Automatic;
				CURRENT_PROJECT_VERSION = 1;
				DEVELOPMENT_TEAM = 7U7AZ47T38;
				GENERATE_INFOPLIST_FILE = YES;
				IPHONEOS_DEPLOYMENT_TARGET = 16.4;
				MARKETING_VERSION = 1.0;
				PRODUCT_BUNDLE_IDENTIFIER = com.kaesyar.PaginationTestTests;
				PRODUCT_NAME = "$(TARGET_NAME)";
				SWIFT_EMIT_LOC_STRINGS = NO;
				SWIFT_VERSION = 5.0;
				TARGETED_DEVICE_FAMILY = "1,2";
				TEST_HOST = "$(BUILT_PRODUCTS_DIR)/PaginationTest.app/$(BUNDLE_EXECUTABLE_FOLDER_PATH)/PaginationTest";
			};
			name = Release;
		};
		3C271A9F2ABD7E700085D596 /* Debug */ = {
			isa = XCBuildConfiguration;
			buildSettings = {
				ALWAYS_EMBED_SWIFT_STANDARD_LIBRARIES = YES;
				CODE_SIGN_STYLE = Automatic;
				CURRENT_PROJECT_VERSION = 1;
				DEVELOPMENT_TEAM = 7U7AZ47T38;
				GENERATE_INFOPLIST_FILE = YES;
				MARKETING_VERSION = 1.0;
				PRODUCT_BUNDLE_IDENTIFIER = com.kaesyar.PaginationTestUITests;
				PRODUCT_NAME = "$(TARGET_NAME)";
				SWIFT_EMIT_LOC_STRINGS = NO;
				SWIFT_VERSION = 5.0;
				TARGETED_DEVICE_FAMILY = "1,2";
				TEST_TARGET_NAME = PaginationTest;
			};
			name = Debug;
		};
		3C271AA02ABD7E700085D596 /* Release */ = {
			isa = XCBuildConfiguration;
			buildSettings = {
				ALWAYS_EMBED_SWIFT_STANDARD_LIBRARIES = YES;
				CODE_SIGN_STYLE = Automatic;
				CURRENT_PROJECT_VERSION = 1;
				DEVELOPMENT_TEAM = 7U7AZ47T38;
				GENERATE_INFOPLIST_FILE = YES;
				MARKETING_VERSION = 1.0;
				PRODUCT_BUNDLE_IDENTIFIER = com.kaesyar.PaginationTestUITests;
				PRODUCT_NAME = "$(TARGET_NAME)";
				SWIFT_EMIT_LOC_STRINGS = NO;
				SWIFT_VERSION = 5.0;
				TARGETED_DEVICE_FAMILY = "1,2";
				TEST_TARGET_NAME = PaginationTest;
			};
			name = Release;
		};
/* End XCBuildConfiguration section */

/* Begin XCConfigurationList section */
		3C271A692ABD7E6E0085D596 /* Build configuration list for PBXProject "PaginationTest" */ = {
			isa = XCConfigurationList;
			buildConfigurations = (
				3C271A962ABD7E700085D596 /* Debug */,
				3C271A972ABD7E700085D596 /* Release */,
			);
			defaultConfigurationIsVisible = 0;
			defaultConfigurationName = Release;
		};
		3C271A982ABD7E700085D596 /* Build configuration list for PBXNativeTarget "PaginationTest" */ = {
			isa = XCConfigurationList;
			buildConfigurations = (
				3C271A992ABD7E700085D596 /* Debug */,
				3C271A9A2ABD7E700085D596 /* Release */,
			);
			defaultConfigurationIsVisible = 0;
			defaultConfigurationName = Release;
		};
		3C271A9B2ABD7E700085D596 /* Build configuration list for PBXNativeTarget "PaginationTestTests" */ = {
			isa = XCConfigurationList;
			buildConfigurations = (
				3C271A9C2ABD7E700085D596 /* Debug */,
				3C271A9D2ABD7E700085D596 /* Release */,
			);
			defaultConfigurationIsVisible = 0;
			defaultConfigurationName = Release;
		};
		3C271A9E2ABD7E700085D596 /* Build configuration list for PBXNativeTarget "PaginationTestUITests" */ = {
			isa = XCConfigurationList;
			buildConfigurations = (
				3C271A9F2ABD7E700085D596 /* Debug */,
				3C271AA02ABD7E700085D596 /* Release */,
			);
			defaultConfigurationIsVisible = 0;
			defaultConfigurationName = Release;
		};
/* End XCConfigurationList section */

/* Begin XCRemoteSwiftPackageReference section */
		3C271AA12ABD94030085D596 /* XCRemoteSwiftPackageReference "swift-collections" */ = {
			isa = XCRemoteSwiftPackageReference;
			repositoryURL = "https://github.com/apple/swift-collections.git";
			requirement = {
				kind = upToNextMajorVersion;
				minimumVersion = 1.0.0;
			};
		};
/* End XCRemoteSwiftPackageReference section */

/* Begin XCSwiftPackageProductDependency section */
		3C271AA22ABD94030085D596 /* DequeModule */ = {
			isa = XCSwiftPackageProductDependency;
			package = 3C271AA12ABD94030085D596 /* XCRemoteSwiftPackageReference "swift-collections" */;
			productName = DequeModule;
		};
/* End XCSwiftPackageProductDependency section */
	};
	rootObject = 3C271A662ABD7E6E0085D596 /* Project object */;
}
